{
  "name": "wed-react-example",
  "lockfileVersion": 3,
  "requires": true,
  "packages": {
    "": {
      "name": "wed-react-example",
      "dependencies": {
        "@ohxxx/wedts": "file:../../packages/wedts"
      }
    },
    "../../packages/wedts": {
      "name": "@ohxxx/wedts",
      "version": "0.1.0",
      "devDependencies": {
        "typescript": "^5.8.3"
      }
    },
    "node_modules/@ohxxx/wedts": {
      "resolved": "../../packages/wedts",
      "link": true
    }
  }
}
